
Microsoft Visual Studio Solution File, Format Version 12.00
# Visual Studio Version 17
VisualStudioVersion = 17.14.36414.22
MinimumVisualStudioVersion = 10.0.40219.1
Project("{2150E333-8FDC-42A3-9474-1A3956D46DE8}") = "Src", "Src", "{02EA681E-C7D8-13C7-8484-4AC65E1B71E8}"
EndProject
Project("{2150E333-8FDC-42A3-9474-1A3956D46DE8}") = "Core", "Core", "{B7220F90-B0CD-46B9-BE1F-2FDD94FBD9A7}"
EndProject
Project("{FAE04EC0-301F-11D3-BF4B-00C04F79EFBC}") = "Clean.Domain", "Clean.Domain\Clean.Domain.csproj", "{0969A9B1-3E6C-4C68-88E7-102749C4841D}"
EndProject
Project("{FAE04EC0-301F-11D3-BF4B-00C04F79EFBC}") = "Clean.Common", "Clean.Common\Clean.Common.csproj", "{EDDDB45F-EEFC-4F30-9D30-96032B768E64}"
EndProject
Project("{FAE04EC0-301F-11D3-BF4B-00C04F79EFBC}") = "Clean.Application", "Clean.Application\Clean.Application.csproj", "{761A7361-77D0-4586-BAAE-EE71998C7E39}"
EndProject
Project("{2150E333-8FDC-42A3-9474-1A3956D46DE8}") = "Infrastructure", "Infrastructure", "{036BA633-FF3B-4A15-9A39-3D52BF654B84}"
EndProject
Project("{FAE04EC0-301F-11D3-BF4B-00C04F79EFBC}") = "Clean.Repository", "Clean.Repository\Clean.Repository.csproj", "{01A6CD4C-1C55-4DCE-B5DD-A92D5795DF3A}"
EndProject
Project("{FAE04EC0-301F-11D3-BF4B-00C04F79EFBC}") = "Clean.Dapper", "Clean.Dapper\Clean.Dapper.csproj", "{B20437F2-5870-4B5C-81F0-F2A482EC4264}"
EndProject
Project("{FAE04EC0-301F-11D3-BF4B-00C04F79EFBC}") = "Clean.Service", "Clean.Service\Clean.Service.csproj", "{57CE9D3F-DF0C-458D-A1AC-0B3DFF9296FE}"
EndProject
Project("{FAE04EC0-301F-11D3-BF4B-00C04F79EFBC}") = "Clean.EntityFrameworkCore", "Clean.EntityFrameworkCore\Clean.EntityFrameworkCore.csproj", "{9F9CBF83-7834-4E82-B85D-49AF1CAB86D2}"
EndProject
Project("{2150E333-8FDC-42A3-9474-1A3956D46DE8}") = "EndPoint", "EndPoint", "{EA94653B-38A5-457D-BF04-2A49AAD3E6E5}"
EndProject
Project("{FAE04EC0-301F-11D3-BF4B-00C04F79EFBC}") = "Clean.AdminPanel", "Clean.AdminPanel\Clean.AdminPanel.csproj", "{556F606C-159D-49E8-AFA2-85B04EE9D23D}"
EndProject
Project("{FAE04EC0-301F-11D3-BF4B-00C04F79EFBC}") = "Clean.GrpcService", "Clean.GrpcService\Clean.GrpcService.csproj", "{304801AA-9A77-4CBE-AE61-0D348F3DD15A}"
EndProject
Project("{2150E333-8FDC-42A3-9474-1A3956D46DE8}") = "Test", "Test", "{DF39400A-5218-493E-ACC5-925BDB1241A6}"
EndProject
Global
	GlobalSection(SolutionConfigurationPlatforms) = preSolution
		Debug|Any CPU = Debug|Any CPU
		Release|Any CPU = Release|Any CPU
	EndGlobalSection
	GlobalSection(ProjectConfigurationPlatforms) = postSolution
		{0969A9B1-3E6C-4C68-88E7-102749C4841D}.Debug|Any CPU.ActiveCfg = Debug|Any CPU
		{0969A9B1-3E6C-4C68-88E7-102749C4841D}.Debug|Any CPU.Build.0 = Debug|Any CPU
		{0969A9B1-3E6C-4C68-88E7-102749C4841D}.Release|Any CPU.ActiveCfg = Release|Any CPU
		{0969A9B1-3E6C-4C68-88E7-102749C4841D}.Release|Any CPU.Build.0 = Release|Any CPU
		{EDDDB45F-EEFC-4F30-9D30-96032B768E64}.Debug|Any CPU.ActiveCfg = Debug|Any CPU
		{EDDDB45F-EEFC-4F30-9D30-96032B768E64}.Debug|Any CPU.Build.0 = Debug|Any CPU
		{EDDDB45F-EEFC-4F30-9D30-96032B768E64}.Release|Any CPU.ActiveCfg = Release|Any CPU
		{EDDDB45F-EEFC-4F30-9D30-96032B768E64}.Release|Any CPU.Build.0 = Release|Any CPU
		{761A7361-77D0-4586-BAAE-EE71998C7E39}.Debug|Any CPU.ActiveCfg = Debug|Any CPU
		{761A7361-77D0-4586-BAAE-EE71998C7E39}.Debug|Any CPU.Build.0 = Debug|Any CPU
		{761A7361-77D0-4586-BAAE-EE71998C7E39}.Release|Any CPU.ActiveCfg = Release|Any CPU
		{761A7361-77D0-4586-BAAE-EE71998C7E39}.Release|Any CPU.Build.0 = Release|Any CPU
		{01A6CD4C-1C55-4DCE-B5DD-A92D5795DF3A}.Debug|Any CPU.ActiveCfg = Debug|Any CPU
		{01A6CD4C-1C55-4DCE-B5DD-A92D5795DF3A}.Debug|Any CPU.Build.0 = Debug|Any CPU
		{01A6CD4C-1C55-4DCE-B5DD-A92D5795DF3A}.Release|Any CPU.ActiveCfg = Release|Any CPU
		{01A6CD4C-1C55-4DCE-B5DD-A92D5795DF3A}.Release|Any CPU.Build.0 = Release|Any CPU
		{B20437F2-5870-4B5C-81F0-F2A482EC4264}.Debug|Any CPU.ActiveCfg = Debug|Any CPU
		{B20437F2-5870-4B5C-81F0-F2A482EC4264}.Debug|Any CPU.Build.0 = Debug|Any CPU
		{B20437F2-5870-4B5C-81F0-F2A482EC4264}.Release|Any CPU.ActiveCfg = Release|Any CPU
		{B20437F2-5870-4B5C-81F0-F2A482EC4264}.Release|Any CPU.Build.0 = Release|Any CPU
		{57CE9D3F-DF0C-458D-A1AC-0B3DFF9296FE}.Debug|Any CPU.ActiveCfg = Debug|Any CPU
		{57CE9D3F-DF0C-458D-A1AC-0B3DFF9296FE}.Debug|Any CPU.Build.0 = Debug|Any CPU
		{57CE9D3F-DF0C-458D-A1AC-0B3DFF9296FE}.Release|Any CPU.ActiveCfg = Release|Any CPU
		{57CE9D3F-DF0C-458D-A1AC-0B3DFF9296FE}.Release|Any CPU.Build.0 = Release|Any CPU
		{9F9CBF83-7834-4E82-B85D-49AF1CAB86D2}.Debug|Any CPU.ActiveCfg = Debug|Any CPU
		{9F9CBF83-7834-4E82-B85D-49AF1CAB86D2}.Debug|Any CPU.Build.0 = Debug|Any CPU
		{9F9CBF83-7834-4E82-B85D-49AF1CAB86D2}.Release|Any CPU.ActiveCfg = Release|Any CPU
		{9F9CBF83-7834-4E82-B85D-49AF1CAB86D2}.Release|Any CPU.Build.0 = Release|Any CPU
		{556F606C-159D-49E8-AFA2-85B04EE9D23D}.Debug|Any CPU.ActiveCfg = Debug|Any CPU
		{556F606C-159D-49E8-AFA2-85B04EE9D23D}.Debug|Any CPU.Build.0 = Debug|Any CPU
		{556F606C-159D-49E8-AFA2-85B04EE9D23D}.Release|Any CPU.ActiveCfg = Release|Any CPU
		{556F606C-159D-49E8-AFA2-85B04EE9D23D}.Release|Any CPU.Build.0 = Release|Any CPU
		{304801AA-9A77-4CBE-AE61-0D348F3DD15A}.Debug|Any CPU.ActiveCfg = Debug|Any CPU
		{304801AA-9A77-4CBE-AE61-0D348F3DD15A}.Debug|Any CPU.Build.0 = Debug|Any CPU
		{304801AA-9A77-4CBE-AE61-0D348F3DD15A}.Release|Any CPU.ActiveCfg = Release|Any CPU
		{304801AA-9A77-4CBE-AE61-0D348F3DD15A}.Release|Any CPU.Build.0 = Release|Any CPU
	EndGlobalSection
	GlobalSection(SolutionProperties) = preSolution
		HideSolutionNode = FALSE
	EndGlobalSection
	GlobalSection(NestedProjects) = preSolution
		{B7220F90-B0CD-46B9-BE1F-2FDD94FBD9A7} = {02EA681E-C7D8-13C7-8484-4AC65E1B71E8}
		{0969A9B1-3E6C-4C68-88E7-102749C4841D} = {B7220F90-B0CD-46B9-BE1F-2FDD94FBD9A7}
		{EDDDB45F-EEFC-4F30-9D30-96032B768E64} = {B7220F90-B0CD-46B9-BE1F-2FDD94FBD9A7}
		{761A7361-77D0-4586-BAAE-EE71998C7E39} = {B7220F90-B0CD-46B9-BE1F-2FDD94FBD9A7}
		{036BA633-FF3B-4A15-9A39-3D52BF654B84} = {02EA681E-C7D8-13C7-8484-4AC65E1B71E8}
		{01A6CD4C-1C55-4DCE-B5DD-A92D5795DF3A} = {036BA633-FF3B-4A15-9A39-3D52BF654B84}
		{B20437F2-5870-4B5C-81F0-F2A482EC4264} = {036BA633-FF3B-4A15-9A39-3D52BF654B84}
		{57CE9D3F-DF0C-458D-A1AC-0B3DFF9296FE} = {036BA633-FF3B-4A15-9A39-3D52BF654B84}
		{9F9CBF83-7834-4E82-B85D-49AF1CAB86D2} = {036BA633-FF3B-4A15-9A39-3D52BF654B84}
		{EA94653B-38A5-457D-BF04-2A49AAD3E6E5} = {02EA681E-C7D8-13C7-8484-4AC65E1B71E8}
		{556F606C-159D-49E8-AFA2-85B04EE9D23D} = {EA94653B-38A5-457D-BF04-2A49AAD3E6E5}
		{304801AA-9A77-4CBE-AE61-0D348F3DD15A} = {EA94653B-38A5-457D-BF04-2A49AAD3E6E5}
	EndGlobalSection
	GlobalSection(ExtensibilityGlobals) = postSolution
		SolutionGuid = {C7FE707A-DC25-41E1-BB1E-6DCCDB080A08}
	EndGlobalSection
EndGlobal
